
Microsoft Visual Studio Solution File, Format Version 12.00
# Visual Studio Version 17
VisualStudioVersion = 17.5.33516.290
MinimumVisualStudioVersion = 10.0.40219.1
Project("{FAE04EC0-301F-11D3-BF4B-00C04F79EFBC}") = "BookWiki.Presentation.Apple", "BookWiki.Presentation.Apple\BookWiki.Presentation.Apple.csproj", "{2E6D9EA3-63D5-4D6E-94BF-D9CF49DC8F91}"
EndProject
Project("{9A19103F-16F7-4668-BE54-9A1E7A4F7556}") = "BookWiki.Core", "BookWiki.Core\BookWiki.Core.csproj", "{1B2CF424-0E54-4041-8E9E-28481FC8686E}"
EndProject
Project("{9A19103F-16F7-4668-BE54-9A1E7A4F7556}") = "BookWiki.Core.Tests", "BookWiki.Core.Tests\BookWiki.Core.Tests.csproj", "{D12D47C9-A5C0-4B4D-9B17-E75EDDEE5D51}"
EndProject
Project("{9A19103F-16F7-4668-BE54-9A1E7A4F7556}") = "WordsGenerator", "WordsGenerator\WordsGenerator.csproj", "{8BAF0430-99AF-41EF-B635-579486021B93}"
EndProject
Project("{FAE04EC0-301F-11D3-BF4B-00C04F79EFBC}") = "AppForDebugDiagnostic", "AppForDebugDiagnostic\AppForDebugDiagnostic.csproj", "{01787511-43C6-47DC-B717-67B0ADE521CC}"
EndProject
Project("{FAE04EC0-301F-11D3-BF4B-00C04F79EFBC}") = "BookWiki.HtmlConverter", "BookWiki.HtmlConverter\BookWiki.HtmlConverter.csproj", "{97CC32BC-B085-40B8-8675-2F5A76FC5829}"
EndProject
Project("{FAE04EC0-301F-11D3-BF4B-00C04F79EFBC}") = "BookWiki.Presentation.Wpf", "BookWiki.Presentation.Wpf\BookWiki.Presentation.Wpf.csproj", "{68EB607E-4834-4C29-AAFA-7B613DA1B027}"
EndProject
Project("{2150E333-8FDC-42A3-9474-1A3956D46DE8}") = "Solution Items", "Solution Items", "{D3334A87-D3F0-4A85-98E8-16EDE837D078}"
	ProjectSection(SolutionItems) = preProject
		.editorconfig = .editorconfig
	EndProjectSection
EndProject
Project("{2150E333-8FDC-42A3-9474-1A3956D46DE8}") = "Map", "Map", "{0E18BBC2-1545-4988-803A-0B1C01BE0170}"
EndProject
Project("{9A19103F-16F7-4668-BE54-9A1E7A4F7556}") = "BookMap.Presentation.Wpf", "..\BookMap\BookMap.Presentation.Wpf\BookMap.Presentation.Wpf.csproj", "{A35D95BC-D258-47E3-A594-1D844E2F6FA3}"
EndProject
Project("{9A19103F-16F7-4668-BE54-9A1E7A4F7556}") = "BookMap.Core", "..\BookMap\BookMap.Core\BookMap.Core.csproj", "{46DF904E-357C-4145-B4BE-353BDF951335}"
EndProject
Project("{FAE04EC0-301F-11D3-BF4B-00C04F79EFBC}") = "BookMap.Presentation.Apple", "..\BookMap\BookMap.Presentation.Apple\BookMap.Presentation.Apple.csproj", "{32F44487-3DAA-4BB0-81E8-ADCAA4BC57D8}"
EndProject
Global
	GlobalSection(SolutionConfigurationPlatforms) = preSolution
		Debug|Any CPU = Debug|Any CPU
		Debug|iPhone = Debug|iPhone
		Debug|iPhoneSimulator = Debug|iPhoneSimulator
		Release|Any CPU = Release|Any CPU
		Release|iPhone = Release|iPhone
		Release|iPhoneSimulator = Release|iPhoneSimulator
	EndGlobalSection
	GlobalSection(ProjectConfigurationPlatforms) = postSolution
		{2E6D9EA3-63D5-4D6E-94BF-D9CF49DC8F91}.Debug|Any CPU.ActiveCfg = Debug|iPhoneSimulator
		{2E6D9EA3-63D5-4D6E-94BF-D9CF49DC8F91}.Debug|iPhone.ActiveCfg = Debug|iPhone
		{2E6D9EA3-63D5-4D6E-94BF-D9CF49DC8F91}.Debug|iPhone.Build.0 = Debug|iPhone
		{2E6D9EA3-63D5-4D6E-94BF-D9CF49DC8F91}.Debug|iPhoneSimulator.ActiveCfg = Debug|iPhoneSimulator
		{2E6D9EA3-63D5-4D6E-94BF-D9CF49DC8F91}.Debug|iPhoneSimulator.Build.0 = Debug|iPhoneSimulator
		{2E6D9EA3-63D5-4D6E-94BF-D9CF49DC8F91}.Release|Any CPU.ActiveCfg = Release|iPhoneSimulator
		{2E6D9EA3-63D5-4D6E-94BF-D9CF49DC8F91}.Release|iPhone.ActiveCfg = Release|iPhone
		{2E6D9EA3-63D5-4D6E-94BF-D9CF49DC8F91}.Release|iPhone.Build.0 = Release|iPhone
		{2E6D9EA3-63D5-4D6E-94BF-D9CF49DC8F91}.Release|iPhoneSimulator.ActiveCfg = Release|iPhoneSimulator
		{2E6D9EA3-63D5-4D6E-94BF-D9CF49DC8F91}.Release|iPhoneSimulator.Build.0 = Release|iPhoneSimulator
		{1B2CF424-0E54-4041-8E9E-28481FC8686E}.Debug|Any CPU.ActiveCfg = Debug|Any CPU
		{1B2CF424-0E54-4041-8E9E-28481FC8686E}.Debug|Any CPU.Build.0 = Debug|Any CPU
		{1B2CF424-0E54-4041-8E9E-28481FC8686E}.Debug|iPhone.ActiveCfg = Debug|Any CPU
		{1B2CF424-0E54-4041-8E9E-28481FC8686E}.Debug|iPhone.Build.0 = Debug|Any CPU
		{1B2CF424-0E54-4041-8E9E-28481FC8686E}.Debug|iPhoneSimulator.ActiveCfg = Debug|Any CPU
		{1B2CF424-0E54-4041-8E9E-28481FC8686E}.Debug|iPhoneSimulator.Build.0 = Debug|Any CPU
		{1B2CF424-0E54-4041-8E9E-28481FC8686E}.Release|Any CPU.ActiveCfg = Release|Any CPU
		{1B2CF424-0E54-4041-8E9E-28481FC8686E}.Release|Any CPU.Build.0 = Release|Any CPU
		{1B2CF424-0E54-4041-8E9E-28481FC8686E}.Release|iPhone.ActiveCfg = Release|Any CPU
		{1B2CF424-0E54-4041-8E9E-28481FC8686E}.Release|iPhone.Build.0 = Release|Any CPU
		{1B2CF424-0E54-4041-8E9E-28481FC8686E}.Release|iPhoneSimulator.ActiveCfg = Release|Any CPU
		{1B2CF424-0E54-4041-8E9E-28481FC8686E}.Release|iPhoneSimulator.Build.0 = Release|Any CPU
		{D12D47C9-A5C0-4B4D-9B17-E75EDDEE5D51}.Debug|Any CPU.ActiveCfg = Debug|Any CPU
		{D12D47C9-A5C0-4B4D-9B17-E75EDDEE5D51}.Debug|Any CPU.Build.0 = Debug|Any CPU
		{D12D47C9-A5C0-4B4D-9B17-E75EDDEE5D51}.Debug|iPhone.ActiveCfg = Debug|Any CPU
		{D12D47C9-A5C0-4B4D-9B17-E75EDDEE5D51}.Debug|iPhone.Build.0 = Debug|Any CPU
		{D12D47C9-A5C0-4B4D-9B17-E75EDDEE5D51}.Debug|iPhoneSimulator.ActiveCfg = Debug|Any CPU
		{D12D47C9-A5C0-4B4D-9B17-E75EDDEE5D51}.Debug|iPhoneSimulator.Build.0 = Debug|Any CPU
		{D12D47C9-A5C0-4B4D-9B17-E75EDDEE5D51}.Release|Any CPU.ActiveCfg = Release|Any CPU
		{D12D47C9-A5C0-4B4D-9B17-E75EDDEE5D51}.Release|Any CPU.Build.0 = Release|Any CPU
		{D12D47C9-A5C0-4B4D-9B17-E75EDDEE5D51}.Release|iPhone.ActiveCfg = Release|Any CPU
		{D12D47C9-A5C0-4B4D-9B17-E75EDDEE5D51}.Release|iPhone.Build.0 = Release|Any CPU
		{D12D47C9-A5C0-4B4D-9B17-E75EDDEE5D51}.Release|iPhoneSimulator.ActiveCfg = Release|Any CPU
		{D12D47C9-A5C0-4B4D-9B17-E75EDDEE5D51}.Release|iPhoneSimulator.Build.0 = Release|Any CPU
		{8BAF0430-99AF-41EF-B635-579486021B93}.Debug|Any CPU.ActiveCfg = Debug|Any CPU
		{8BAF0430-99AF-41EF-B635-579486021B93}.Debug|Any CPU.Build.0 = Debug|Any CPU
		{8BAF0430-99AF-41EF-B635-579486021B93}.Debug|iPhone.ActiveCfg = Debug|Any CPU
		{8BAF0430-99AF-41EF-B635-579486021B93}.Debug|iPhone.Build.0 = Debug|Any CPU
		{8BAF0430-99AF-41EF-B635-579486021B93}.Debug|iPhoneSimulator.ActiveCfg = Debug|Any CPU
		{8BAF0430-99AF-41EF-B635-579486021B93}.Debug|iPhoneSimulator.Build.0 = Debug|Any CPU
		{8BAF0430-99AF-41EF-B635-579486021B93}.Release|Any CPU.ActiveCfg = Release|Any CPU
		{8BAF0430-99AF-41EF-B635-579486021B93}.Release|Any CPU.Build.0 = Release|Any CPU
		{8BAF0430-99AF-41EF-B635-579486021B93}.Release|iPhone.ActiveCfg = Release|Any CPU
		{8BAF0430-99AF-41EF-B635-579486021B93}.Release|iPhone.Build.0 = Release|Any CPU
		{8BAF0430-99AF-41EF-B635-579486021B93}.Release|iPhoneSimulator.ActiveCfg = Release|Any CPU
		{8BAF0430-99AF-41EF-B635-579486021B93}.Release|iPhoneSimulator.Build.0 = Release|Any CPU
		{01787511-43C6-47DC-B717-67B0ADE521CC}.Debug|Any CPU.ActiveCfg = Debug|iPhone
		{01787511-43C6-47DC-B717-67B0ADE521CC}.Debug|iPhone.ActiveCfg = Debug|iPhone
		{01787511-43C6-47DC-B717-67B0ADE521CC}.Debug|iPhone.Build.0 = Debug|iPhone
		{01787511-43C6-47DC-B717-67B0ADE521CC}.Debug|iPhoneSimulator.ActiveCfg = Debug|iPhoneSimulator
		{01787511-43C6-47DC-B717-67B0ADE521CC}.Debug|iPhoneSimulator.Build.0 = Debug|iPhoneSimulator
		{01787511-43C6-47DC-B717-67B0ADE521CC}.Release|Any CPU.ActiveCfg = Release|iPhone
		{01787511-43C6-47DC-B717-67B0ADE521CC}.Release|iPhone.ActiveCfg = Release|iPhone
		{01787511-43C6-47DC-B717-67B0ADE521CC}.Release|iPhone.Build.0 = Release|iPhone
		{01787511-43C6-47DC-B717-67B0ADE521CC}.Release|iPhoneSimulator.ActiveCfg = Release|iPhoneSimulator
		{01787511-43C6-47DC-B717-67B0ADE521CC}.Release|iPhoneSimulator.Build.0 = Release|iPhoneSimulator
		{97CC32BC-B085-40B8-8675-2F5A76FC5829}.Debug|Any CPU.ActiveCfg = Debug|Any CPU
		{97CC32BC-B085-40B8-8675-2F5A76FC5829}.Debug|Any CPU.Build.0 = Debug|Any CPU
		{97CC32BC-B085-40B8-8675-2F5A76FC5829}.Debug|iPhone.ActiveCfg = Debug|Any CPU
		{97CC32BC-B085-40B8-8675-2F5A76FC5829}.Debug|iPhone.Build.0 = Debug|Any CPU
		{97CC32BC-B085-40B8-8675-2F5A76FC5829}.Debug|iPhoneSimulator.ActiveCfg = Debug|Any CPU
		{97CC32BC-B085-40B8-8675-2F5A76FC5829}.Debug|iPhoneSimulator.Build.0 = Debug|Any CPU
		{97CC32BC-B085-40B8-8675-2F5A76FC5829}.Release|Any CPU.ActiveCfg = Release|Any CPU
		{97CC32BC-B085-40B8-8675-2F5A76FC5829}.Release|Any CPU.Build.0 = Release|Any CPU
		{97CC32BC-B085-40B8-8675-2F5A76FC5829}.Release|iPhone.ActiveCfg = Release|Any CPU
		{97CC32BC-B085-40B8-8675-2F5A76FC5829}.Release|iPhone.Build.0 = Release|Any CPU
		{97CC32BC-B085-40B8-8675-2F5A76FC5829}.Release|iPhoneSimulator.ActiveCfg = Release|Any CPU
		{97CC32BC-B085-40B8-8675-2F5A76FC5829}.Release|iPhoneSimulator.Build.0 = Release|Any CPU
		{68EB607E-4834-4C29-AAFA-7B613DA1B027}.Debug|Any CPU.ActiveCfg = Debug|Any CPU
		{68EB607E-4834-4C29-AAFA-7B613DA1B027}.Debug|Any CPU.Build.0 = Debug|Any CPU
		{68EB607E-4834-4C29-AAFA-7B613DA1B027}.Debug|iPhone.ActiveCfg = Debug|Any CPU
		{68EB607E-4834-4C29-AAFA-7B613DA1B027}.Debug|iPhone.Build.0 = Debug|Any CPU
		{68EB607E-4834-4C29-AAFA-7B613DA1B027}.Debug|iPhoneSimulator.ActiveCfg = Debug|Any CPU
		{68EB607E-4834-4C29-AAFA-7B613DA1B027}.Debug|iPhoneSimulator.Build.0 = Debug|Any CPU
		{68EB607E-4834-4C29-AAFA-7B613DA1B027}.Release|Any CPU.ActiveCfg = Release|Any CPU
		{68EB607E-4834-4C29-AAFA-7B613DA1B027}.Release|Any CPU.Build.0 = Release|Any CPU
		{68EB607E-4834-4C29-AAFA-7B613DA1B027}.Release|iPhone.ActiveCfg = Release|Any CPU
		{68EB607E-4834-4C29-AAFA-7B613DA1B027}.Release|iPhone.Build.0 = Release|Any CPU
		{68EB607E-4834-4C29-AAFA-7B613DA1B027}.Release|iPhoneSimulator.ActiveCfg = Release|Any CPU
		{68EB607E-4834-4C29-AAFA-7B613DA1B027}.Release|iPhoneSimulator.Build.0 = Release|Any CPU
		{A35D95BC-D258-47E3-A594-1D844E2F6FA3}.Debug|Any CPU.ActiveCfg = Debug|Any CPU
		{A35D95BC-D258-47E3-A594-1D844E2F6FA3}.Debug|Any CPU.Build.0 = Debug|Any CPU
		{A35D95BC-D258-47E3-A594-1D844E2F6FA3}.Debug|iPhone.ActiveCfg = Debug|Any CPU
		{A35D95BC-D258-47E3-A594-1D844E2F6FA3}.Debug|iPhone.Build.0 = Debug|Any CPU
		{A35D95BC-D258-47E3-A594-1D844E2F6FA3}.Debug|iPhoneSimulator.ActiveCfg = Debug|Any CPU
		{A35D95BC-D258-47E3-A594-1D844E2F6FA3}.Debug|iPhoneSimulator.Build.0 = Debug|Any CPU
		{A35D95BC-D258-47E3-A594-1D844E2F6FA3}.Release|Any CPU.ActiveCfg = Release|Any CPU
		{A35D95BC-D258-47E3-A594-1D844E2F6FA3}.Release|Any CPU.Build.0 = Release|Any CPU
		{A35D95BC-D258-47E3-A594-1D844E2F6FA3}.Release|iPhone.ActiveCfg = Release|Any CPU
		{A35D95BC-D258-47E3-A594-1D844E2F6FA3}.Release|iPhone.Build.0 = Release|Any CPU
		{A35D95BC-D258-47E3-A594-1D844E2F6FA3}.Release|iPhoneSimulator.ActiveCfg = Release|Any CPU
		{A35D95BC-D258-47E3-A594-1D844E2F6FA3}.Release|iPhoneSimulator.Build.0 = Release|Any CPU
		{46DF904E-357C-4145-B4BE-353BDF951335}.Debug|Any CPU.ActiveCfg = Debug|Any CPU
		{46DF904E-357C-4145-B4BE-353BDF951335}.Debug|Any CPU.Build.0 = Debug|Any CPU
		{46DF904E-357C-4145-B4BE-353BDF951335}.Debug|iPhone.ActiveCfg = Debug|Any CPU
		{46DF904E-357C-4145-B4BE-353BDF951335}.Debug|iPhone.Build.0 = Debug|Any CPU
		{46DF904E-357C-4145-B4BE-353BDF951335}.Debug|iPhoneSimulator.ActiveCfg = Debug|Any CPU
		{46DF904E-357C-4145-B4BE-353BDF951335}.Debug|iPhoneSimulator.Build.0 = Debug|Any CPU
		{46DF904E-357C-4145-B4BE-353BDF951335}.Release|Any CPU.ActiveCfg = Release|Any CPU
		{46DF904E-357C-4145-B4BE-353BDF951335}.Release|Any CPU.Build.0 = Release|Any CPU
		{46DF904E-357C-4145-B4BE-353BDF951335}.Release|iPhone.ActiveCfg = Release|Any CPU
		{46DF904E-357C-4145-B4BE-353BDF951335}.Release|iPhone.Build.0 = Release|Any CPU
		{46DF904E-357C-4145-B4BE-353BDF951335}.Release|iPhoneSimulator.ActiveCfg = Release|Any CPU
		{46DF904E-357C-4145-B4BE-353BDF951335}.Release|iPhoneSimulator.Build.0 = Release|Any CPU
		{32F44487-3DAA-4BB0-81E8-ADCAA4BC57D8}.Debug|Any CPU.ActiveCfg = Debug|iPhoneSimulator
		{32F44487-3DAA-4BB0-81E8-ADCAA4BC57D8}.Debug|Any CPU.Build.0 = Debug|iPhoneSimulator
		{32F44487-3DAA-4BB0-81E8-ADCAA4BC57D8}.Debug|iPhone.ActiveCfg = Debug|iPhone
		{32F44487-3DAA-4BB0-81E8-ADCAA4BC57D8}.Debug|iPhone.Build.0 = Debug|iPhone
		{32F44487-3DAA-4BB0-81E8-ADCAA4BC57D8}.Debug|iPhone.Deploy.0 = Debug|iPhone
		{32F44487-3DAA-4BB0-81E8-ADCAA4BC57D8}.Debug|iPhoneSimulator.ActiveCfg = Debug|iPhoneSimulator
		{32F44487-3DAA-4BB0-81E8-ADCAA4BC57D8}.Debug|iPhoneSimulator.Build.0 = Debug|iPhoneSimulator
		{32F44487-3DAA-4BB0-81E8-ADCAA4BC57D8}.Release|Any CPU.ActiveCfg = Release|iPhoneSimulator
		{32F44487-3DAA-4BB0-81E8-ADCAA4BC57D8}.Release|Any CPU.Build.0 = Release|iPhoneSimulator
		{32F44487-3DAA-4BB0-81E8-ADCAA4BC57D8}.Release|iPhone.ActiveCfg = Release|iPhone
		{32F44487-3DAA-4BB0-81E8-ADCAA4BC57D8}.Release|iPhone.Build.0 = Release|iPhone
		{32F44487-3DAA-4BB0-81E8-ADCAA4BC57D8}.Release|iPhoneSimulator.ActiveCfg = Release|iPhoneSimulator
		{32F44487-3DAA-4BB0-81E8-ADCAA4BC57D8}.Release|iPhoneSimulator.Build.0 = Release|iPhoneSimulator
	EndGlobalSection
	GlobalSection(SolutionProperties) = preSolution
		HideSolutionNode = FALSE
	EndGlobalSection
	GlobalSection(NestedProjects) = preSolution
		{A35D95BC-D258-47E3-A594-1D844E2F6FA3} = {0E18BBC2-1545-4988-803A-0B1C01BE0170}
		{46DF904E-357C-4145-B4BE-353BDF951335} = {0E18BBC2-1545-4988-803A-0B1C01BE0170}
		{32F44487-3DAA-4BB0-81E8-ADCAA4BC57D8} = {0E18BBC2-1545-4988-803A-0B1C01BE0170}
	EndGlobalSection
	GlobalSection(ExtensibilityGlobals) = postSolution
		SolutionGuid = {EC593FB4-C64A-444F-B508-870E7EEC8D3C}
	EndGlobalSection
EndGlobal
